# THIS IS AN AUTOGENERATED FILE. DO NOT EDIT THIS FILE DIRECTLY.
# yarn lockfile v1


"@types/fs-extra@^9.0.12":
  version "9.0.13"
  resolved "https://registry.npm.alibaba-inc.com/@types/fs-extra/download/@types/fs-extra-9.0.13.tgz#7594fbae04fe7f1918ce8b3d213f74ff44ac1f45"
  integrity sha1-dZT7rgT+fxkYzos9IT90/0SsH0U=
  dependencies:
    "@types/node" "*"

"@types/inquirer@^7.3.3":
  version "7.3.3"
  resolved "https://registry.npm.alibaba-inc.com/@types/inquirer/download/@types/inquirer-7.3.3.tgz#92e6676efb67fa6925c69a2ee638f67a822952ac"
  integrity sha1-kuZnbvtn+mklxpou5jj2eoIpUqw=
  dependencies:
    "@types/through" "*"
    rxjs "^6.4.0"

"@types/klaw@^3.0.2":
  version "3.0.2"
  resolved "https://registry.npm.alibaba-inc.com/@types/klaw/download/@types/klaw-3.0.2.tgz#ce9cf2c0566b806d4fe86eb07082b483ad1ee3f6"
  integrity sha1-zpzywFZrgG1P6G6wcIK0g60e4/Y=
  dependencies:
    "@types/node" "*"

"@types/node@*":
  version "16.10.1"
  resolved "https://registry.npm.alibaba-inc.com/@types/node/download/@types/node-16.10.1.tgz#f3647623199ca920960006b3dccf633ea905f243"
  integrity sha1-82R2IxmcqSCWAAaz3M9jPqkF8kM=

"@types/through@*":
  version "0.0.30"
  resolved "https://registry.npm.alibaba-inc.com/@types/through/download/@types/through-0.0.30.tgz#e0e42ce77e897bd6aead6f6ea62aeb135b8a3895"
  integrity sha1-4OQs536Je9aurW9upirrE1uKOJU=
  dependencies:
    "@types/node" "*"

acorn@^5.0.3:
  version "5.7.4"
  resolved "https://registry.npm.alibaba-inc.com/acorn/download/acorn-5.7.4.tgz#3e8d8a9947d0599a1796d10225d7432f4a4acf5e"
  integrity sha1-Po2KmUfQWZoXltECJddDL0pKz14=

ansi-escapes@^4.2.1:
  version "4.3.2"
  resolved "https://registry.npm.alibaba-inc.com/ansi-escapes/download/ansi-escapes-4.3.2.tgz#6b2291d1db7d98b6521d5f1efa42d0f3a9feb65e"
  integrity sha1-ayKR0dt9mLZSHV8e+kLQ86n+tl4=
  dependencies:
    type-fest "^0.21.3"

ansi-regex@^5.0.1:
  version "5.0.1"
  resolved "https://registry.npm.alibaba-inc.com/ansi-regex/download/ansi-regex-5.0.1.tgz#082cb2c89c9fe8659a311a53bd6a4dc5301db304"
  integrity sha1-CCyyyJyf6GWaMRpTvWpNxTAdswQ=

ansi-styles@^4.1.0:
  version "4.3.0"
  resolved "https://registry.npm.alibaba-inc.com/ansi-styles/download/ansi-styles-4.3.0.tgz#edd803628ae71c04c85ae7a0906edad34b648937"
  integrity sha1-7dgDYornHATIWuegkG7a00tkiTc=
  dependencies:
    color-convert "^2.0.1"

art-template@^4.13.2:
  version "4.13.2"
  resolved "https://registry.npm.alibaba-inc.com/art-template/download/art-template-4.13.2.tgz#4c4cbd44de08aad031660240871f45c7d737cfc1"
  integrity sha1-TEy9RN4IqtAxZgJAhx9Fx9c3z8E=
  dependencies:
    acorn "^5.0.3"
    escodegen "^1.8.1"
    estraverse "^4.2.0"
    html-minifier "^3.4.3"
    is-keyword-js "^1.0.3"
    js-tokens "^3.0.1"
    merge-source-map "^1.0.3"
    source-map "^0.5.6"

base64-js@^1.3.1:
  version "1.5.1"
  resolved "https://registry.npm.alibaba-inc.com/base64-js/download/base64-js-1.5.1.tgz#1b1b440160a5bf7ad40b650f095963481903930a"
  integrity sha1-GxtEAWClv3rUC2UPCVljSBkDkwo=

bl@^4.1.0:
  version "4.1.0"
  resolved "https://registry.npm.alibaba-inc.com/bl/download/bl-4.1.0.tgz#451535264182bec2fbbc83a62ab98cf11d9f7b3a"
  integrity sha1-RRU1JkGCvsL7vIOmKrmM8R2fezo=
  dependencies:
    buffer "^5.5.0"
    inherits "^2.0.4"
    readable-stream "^3.4.0"

buffer@^5.5.0:
  version "5.7.1"
  resolved "https://registry.npm.alibaba-inc.com/buffer/download/buffer-5.7.1.tgz#ba62e7c13133053582197160851a8f648e99eed0"
  integrity sha1-umLnwTEzBTWCGXFghRqPZI6Z7tA=
  dependencies:
    base64-js "^1.3.1"
    ieee754 "^1.1.13"

cac@^6.7.3:
  version "6.7.3"
  resolved "https://registry.npm.alibaba-inc.com/cac/download/cac-6.7.3.tgz#10410b8611677990cc2e3c8b576d471c1d71b768"
  integrity sha1-EEELhhFneZDMLjyLV21HHB1xt2g=

camel-case@3.0.x:
  version "3.0.0"
  resolved "https://registry.npm.alibaba-inc.com/camel-case/download/camel-case-3.0.0.tgz#ca3c3688a4e9cf3a4cda777dc4dcbc713249cf73"
  integrity sha1-yjw2iKTpzzpM2nd9xNy8cTJJz3M=
  dependencies:
    no-case "^2.2.0"
    upper-case "^1.1.1"

chalk@^4.1.0, chalk@^4.1.1:
  version "4.1.2"
  resolved "https://registry.npm.alibaba-inc.com/chalk/download/chalk-4.1.2.tgz#aac4e2b7734a740867aeb16bf02aad556a1e7a01"
  integrity sha1-qsTit3NKdAhnrrFr8CqtVWoeegE=
  dependencies:
    ansi-styles "^4.1.0"
    supports-color "^7.1.0"

chardet@^0.7.0:
  version "0.7.0"
  resolved "https://registry.npm.alibaba-inc.com/chardet/download/chardet-0.7.0.tgz#90094849f0937f2eedc2425d0d28a9e5f0cbad9e"
  integrity sha1-kAlISfCTfy7twkJdDSip5fDLrZ4=

clean-css@4.2.x:
  version "4.2.3"
  resolved "https://registry.npm.alibaba-inc.com/clean-css/download/clean-css-4.2.3.tgz#507b5de7d97b48ee53d84adb0160ff6216380f78"
  integrity sha1-UHtd59l7SO5T2ErbAWD/YhY4D3g=
  dependencies:
    source-map "~0.6.0"

cli-cursor@^3.1.0:
  version "3.1.0"
  resolved "https://registry.npm.alibaba-inc.com/cli-cursor/download/cli-cursor-3.1.0.tgz#264305a7ae490d1d03bf0c9ba7c925d1753af307"
  integrity sha1-JkMFp65JDR0Dvwybp8kl0XU68wc=
  dependencies:
    restore-cursor "^3.1.0"

cli-spinners@^2.5.0:
  version "2.6.0"
  resolved "https://registry.npm.alibaba-inc.com/cli-spinners/download/cli-spinners-2.6.0.tgz#36c7dc98fb6a9a76bd6238ec3f77e2425627e939"
  integrity sha1-NsfcmPtqmna9YjjsP3fiQlYn6Tk=

cli-width@^3.0.0:
  version "3.0.0"
  resolved "https://registry.npm.alibaba-inc.com/cli-width/download/cli-width-3.0.0.tgz#a2f48437a2caa9a22436e794bf071ec9e61cedf6"
  integrity sha1-ovSEN6LKqaIkNueUvwceyeYc7fY=

clone@^1.0.2:
  version "1.0.4"
  resolved "https://registry.npm.alibaba-inc.com/clone/download/clone-1.0.4.tgz#da309cc263df15994c688ca902179ca3c7cd7c7e"
  integrity sha1-2jCcwmPfFZlMaIypAheco8fNfH4=

color-convert@^2.0.1:
  version "2.0.1"
  resolved "https://registry.npm.alibaba-inc.com/color-convert/download/color-convert-2.0.1.tgz#72d3a68d598c9bdb3af2ad1e84f21d896abd4de3"
  integrity sha1-ctOmjVmMm9s68q0ehPIdiWq9TeM=
  dependencies:
    color-name "~1.1.4"

color-name@~1.1.4:
  version "1.1.4"
  resolved "https://registry.npm.alibaba-inc.com/color-name/download/color-name-1.1.4.tgz#c2a09a87acbde69543de6f63fa3995c826c536a2"
  integrity sha1-wqCah6y95pVD3m9j+jmVyCbFNqI=

commander@2.17.x:
  version "2.17.1"
  resolved "https://registry.npm.alibaba-inc.com/commander/download/commander-2.17.1.tgz#bd77ab7de6de94205ceacc72f1716d29f20a77bf"
  integrity sha1-vXerfebelCBc6sxy8XFtKfIKd78=

commander@~2.19.0:
  version "2.19.0"
  resolved "https://registry.npm.alibaba-inc.com/commander/download/commander-2.19.0.tgz#f6198aa84e5b83c46054b94ddedbfed5ee9ff12a"
  integrity sha1-9hmKqE5bg8RgVLlN3tv+1e6f8So=

deep-is@~0.1.3:
  version "0.1.4"
  resolved "https://registry.npm.alibaba-inc.com/deep-is/download/deep-is-0.1.4.tgz#a6f2dce612fadd2ef1f519b73551f17e85199831"
  integrity sha1-pvLc5hL63S7x9Rm3NVHxfoUZmDE=

defaults@^1.0.3:
  version "1.0.3"
  resolved "https://registry.npm.alibaba-inc.com/defaults/download/defaults-1.0.3.tgz#c656051e9817d9ff08ed881477f3fe4019f3ef7d"
  integrity sha1-xlYFHpgX2f8I7YgUd/P+QBnz730=
  dependencies:
    clone "^1.0.2"

emoji-regex@^8.0.0:
  version "8.0.0"
  resolved "https://registry.npm.alibaba-inc.com/emoji-regex/download/emoji-regex-8.0.0.tgz#e818fd69ce5ccfcb404594f842963bf53164cc37"
  integrity sha1-6Bj9ac5cz8tARZT4QpY79TFkzDc=

escape-string-regexp@^1.0.5:
  version "1.0.5"
  resolved "https://registry.npm.alibaba-inc.com/escape-string-regexp/download/escape-string-regexp-1.0.5.tgz#1b61c0562190a8dff6ae3bb2cf0200ca130b86d4"
  integrity sha1-G2HAViGQqN/2rjuyzwIAyhMLhtQ=

escodegen@^1.8.1:
  version "1.14.3"
  resolved "https://registry.npm.alibaba-inc.com/escodegen/download/escodegen-1.14.3.tgz#4e7b81fba61581dc97582ed78cab7f0e8d63f503"
  integrity sha1-TnuB+6YVgdyXWC7XjKt/Do1j9QM=
  dependencies:
    esprima "^4.0.1"
    estraverse "^4.2.0"
    esutils "^2.0.2"
    optionator "^0.8.1"
  optionalDependencies:
    source-map "~0.6.1"

esprima@^4.0.1:
  version "4.0.1"
  resolved "https://registry.npm.alibaba-inc.com/esprima/download/esprima-4.0.1.tgz#13b04cdb3e6c5d19df91ab6987a8695619b0aa71"
  integrity sha1-E7BM2z5sXRnfkatph6hpVhmwqnE=

estraverse@^4.2.0:
  version "4.3.0"
  resolved "https://registry.npm.alibaba-inc.com/estraverse/download/estraverse-4.3.0.tgz#398ad3f3c5a24948be7725e83d11a7de28cdbd1d"
  integrity sha1-OYrT88WiSUi+dyXoPRGn3ijNvR0=

esutils@^2.0.2:
  version "2.0.3"
  resolved "https://registry.npm.alibaba-inc.com/esutils/download/esutils-2.0.3.tgz#74d2eb4de0b8da1293711910d50775b9b710ef64"
  integrity sha1-dNLrTeC42hKTcRkQ1Qd1ubcQ72Q=

external-editor@^3.0.3:
  version "3.1.0"
  resolved "https://registry.npm.alibaba-inc.com/external-editor/download/external-editor-3.1.0.tgz#cb03f740befae03ea4d283caed2741a83f335495"
  integrity sha1-ywP3QL764D6k0oPK7SdBqD8zVJU=
  dependencies:
    chardet "^0.7.0"
    iconv-lite "^0.4.24"
    tmp "^0.0.33"

fast-levenshtein@~2.0.6:
  version "2.0.6"
  resolved "https://registry.npm.alibaba-inc.com/fast-levenshtein/download/fast-levenshtein-2.0.6.tgz#3d8a5c66883a16a30ca8643e851f19baa7797917"
  integrity sha1-PYpcZog6FqMMqGQ+hR8Zuqd5eRc=

figures@^3.0.0:
  version "3.2.0"
  resolved "https://registry.npm.alibaba-inc.com/figures/download/figures-3.2.0.tgz#625c18bd293c604dc4a8ddb2febf0c88341746af"
  integrity sha1-YlwYvSk8YE3EqN2y/r8MiDQXRq8=
  dependencies:
    escape-string-regexp "^1.0.5"

fs-extra@^10.0.0:
  version "10.0.0"
  resolved "https://registry.npm.alibaba-inc.com/fs-extra/download/fs-extra-10.0.0.tgz#9ff61b655dde53fb34a82df84bb214ce802e17c1"
  integrity sha1-n/YbZV3eU/s0qC34S7IUzoAuF8E=
  dependencies:
    graceful-fs "^4.2.0"
    jsonfile "^6.0.1"
    universalify "^2.0.0"

graceful-fs@^4.1.6, graceful-fs@^4.1.9, graceful-fs@^4.2.0:
  version "4.2.8"
  resolved "https://registry.npm.alibaba-inc.com/graceful-fs/download/graceful-fs-4.2.8.tgz#e412b8d33f5e006593cbd3cee6df9f2cebbe802a"
  integrity sha1-5BK40z9eAGWTy9PO5t+fLOu+gCo=

has-flag@^4.0.0:
  version "4.0.0"
  resolved "https://registry.npm.alibaba-inc.com/has-flag/download/has-flag-4.0.0.tgz#944771fd9c81c81265c4d6941860da06bb59479b"
  integrity sha1-lEdx/ZyByBJlxNaUGGDaBrtZR5s=

he@1.2.x:
  version "1.2.0"
  resolved "https://registry.npm.alibaba-inc.com/he/download/he-1.2.0.tgz#84ae65fa7eafb165fddb61566ae14baf05664f0f"
  integrity sha1-hK5l+n6vsWX922FWauFLrwVmTw8=

html-minifier@^3.4.3:
  version "3.5.21"
  resolved "https://registry.npm.alibaba-inc.com/html-minifier/download/html-minifier-3.5.21.tgz#d0040e054730e354db008463593194015212d20c"
  integrity sha1-0AQOBUcw41TbAIRjWTGUAVIS0gw=
  dependencies:
    camel-case "3.0.x"
    clean-css "4.2.x"
    commander "2.17.x"
    he "1.2.x"
    param-case "2.1.x"
    relateurl "0.2.x"
    uglify-js "3.4.x"

iconv-lite@^0.4.24:
  version "0.4.24"
  resolved "https://registry.npm.alibaba-inc.com/iconv-lite/download/iconv-lite-0.4.24.tgz#2022b4b25fbddc21d2f524974a474aafe733908b"
  integrity sha1-ICK0sl+93CHS9SSXSkdKr+czkIs=
  dependencies:
    safer-buffer ">= 2.1.2 < 3"

ieee754@^1.1.13:
  version "1.2.1"
  resolved "https://registry.npm.alibaba-inc.com/ieee754/download/ieee754-1.2.1.tgz#8eb7a10a63fff25d15a57b001586d177d1b0d352"
  integrity sha1-jrehCmP/8l0VpXsAFYbRd9Gw01I=

inherits@^2.0.3, inherits@^2.0.4:
  version "2.0.4"
  resolved "https://registry.npm.alibaba-inc.com/inherits/download/inherits-2.0.4.tgz#0fa2c64f932917c3433a0ded55363aae37416b7c"
  integrity sha1-D6LGT5MpF8NDOg3tVTY6rjdBa3w=

inquirer@^8.1.2:
  version "8.1.5"
  resolved "https://registry.npm.alibaba-inc.com/inquirer/download/inquirer-8.1.5.tgz#2dc5159203c826d654915b5fe6990fd17f54a150"
  integrity sha1-LcUVkgPIJtZUkVtf5pkP0X9UoVA=
  dependencies:
    ansi-escapes "^4.2.1"
    chalk "^4.1.1"
    cli-cursor "^3.1.0"
    cli-width "^3.0.0"
    external-editor "^3.0.3"
    figures "^3.0.0"
    lodash "^4.17.21"
    mute-stream "0.0.8"
    ora "^5.4.1"
    run-async "^2.4.0"
    rxjs "^7.2.0"
    string-width "^4.1.0"
    strip-ansi "^6.0.0"
    through "^2.3.6"

is-fullwidth-code-point@^3.0.0:
  version "3.0.0"
  resolved "https://registry.npm.alibaba-inc.com/is-fullwidth-code-point/download/is-fullwidth-code-point-3.0.0.tgz#f116f8064fe90b3f7844a38997c0b75051269f1d"
  integrity sha1-8Rb4Bk/pCz94RKOJl8C3UFEmnx0=

is-interactive@^1.0.0:
  version "1.0.0"
  resolved "https://registry.npm.alibaba-inc.com/is-interactive/download/is-interactive-1.0.0.tgz#cea6e6ae5c870a7b0a0004070b7b587e0252912e"
  integrity sha1-zqbmrlyHCnsKAAQHC3tYfgJSkS4=

is-keyword-js@^1.0.3:
  version "1.0.3"
  resolved "https://registry.npm.alibaba-inc.com/is-keyword-js/download/is-keyword-js-1.0.3.tgz#ac30dcf35b671f4b27b17f5cb57235126021132d"
  integrity sha1-rDDc81tnH0snsX9ctXI1EmAhEy0=

is-unicode-supported@^0.1.0:
  version "0.1.0"
  resolved "https://registry.npm.alibaba-inc.com/is-unicode-supported/download/is-unicode-supported-0.1.0.tgz#3f26c76a809593b52bfa2ecb5710ed2779b522a7"
  integrity sha1-PybHaoCVk7Ur+i7LVxDtJ3m1Iqc=

js-tokens@^3.0.1:
  version "3.0.2"
  resolved "https://registry.npm.alibaba-inc.com/js-tokens/download/js-tokens-3.0.2.tgz#9866df395102130e38f7f996bceb65443209c25b"
  integrity sha1-mGbfOVECEw449/mWvOtlRDIJwls=

jsonfile@^6.0.1:
  version "6.1.0"
  resolved "https://registry.npm.alibaba-inc.com/jsonfile/download/jsonfile-6.1.0.tgz#bc55b2634793c679ec6403094eb13698a6ec0aae"
  integrity sha1-vFWyY0eTxnnsZAMJTrE2mKbsCq4=
  dependencies:
    universalify "^2.0.0"
  optionalDependencies:
    graceful-fs "^4.1.6"

klaw@^3.0.0:
  version "3.0.0"
  resolved "https://registry.npm.alibaba-inc.com/klaw/download/klaw-3.0.0.tgz#b11bec9cf2492f06756d6e809ab73a2910259146"
  integrity sha1-sRvsnPJJLwZ1bW6Amrc6KRAlkUY=
  dependencies:
    graceful-fs "^4.1.9"

levn@~0.3.0:
  version "0.3.0"
  resolved "https://registry.npm.alibaba-inc.com/levn/download/levn-0.3.0.tgz#3b09924edf9f083c0490fdd4c0bc4421e04764ee"
  integrity sha1-OwmSTt+fCDwEkP3UwLxEIeBHZO4=
  dependencies:
    prelude-ls "~1.1.2"
    type-check "~0.3.2"

lodash@^4.17.21:
  version "4.17.21"
  resolved "https://registry.npm.alibaba-inc.com/lodash/download/lodash-4.17.21.tgz#679591c564c3bffaae8454cf0b3df370c3d6911c"
  integrity sha1-Z5WRxWTDv/quhFTPCz3zcMPWkRw=

log-symbols@^4.1.0:
  version "4.1.0"
  resolved "https://registry.npm.alibaba-inc.com/log-symbols/download/log-symbols-4.1.0.tgz#3fbdbb95b4683ac9fc785111e792e558d4abd503"
  integrity sha1-P727lbRoOsn8eFER55LlWNSr1QM=
  dependencies:
    chalk "^4.1.0"
    is-unicode-supported "^0.1.0"

lower-case@^1.1.1:
  version "1.1.4"
  resolved "https://registry.npm.alibaba-inc.com/lower-case/download/lower-case-1.1.4.tgz#9a2cabd1b9e8e0ae993a4bf7d5875c39c42e8eac"
  integrity sha1-miyr0bno4K6ZOkv31YdcOcQujqw=

merge-source-map@^1.0.3:
  version "1.1.0"
  resolved "https://registry.npm.alibaba-inc.com/merge-source-map/download/merge-source-map-1.1.0.tgz#2fdde7e6020939f70906a68f2d7ae685e4c8c646"
  integrity sha1-L93n5gIJOfcJBqaPLXrmheTIxkY=
  dependencies:
    source-map "^0.6.1"

mimic-fn@^2.1.0:
  version "2.1.0"
  resolved "https://registry.npm.alibaba-inc.com/mimic-fn/download/mimic-fn-2.1.0.tgz#7ed2c2ccccaf84d3ffcb7a69b57711fc2083401b"
  integrity sha1-ftLCzMyvhNP/y3pptXcR/CCDQBs=

mute-stream@0.0.8:
  version "0.0.8"
  resolved "https://registry.npm.alibaba-inc.com/mute-stream/download/mute-stream-0.0.8.tgz#1630c42b2251ff81e2a283de96a5497ea92e5e0d"
  integrity sha1-FjDEKyJR/4HiooPelqVJfqkuXg0=

no-case@^2.2.0:
  version "2.3.2"
  resolved "https://registry.npm.alibaba-inc.com/no-case/download/no-case-2.3.2.tgz#60b813396be39b3f1288a4c1ed5d1e7d28b464ac"
  integrity sha1-YLgTOWvjmz8SiKTB7V0efSi0ZKw=
  dependencies:
    lower-case "^1.1.1"

onetime@^5.1.0:
  version "5.1.2"
  resolved "https://registry.npm.alibaba-inc.com/onetime/download/onetime-5.1.2.tgz#d0e96ebb56b07476df1dd9c4806e5237985ca45e"
  integrity sha1-0Oluu1awdHbfHdnEgG5SN5hcpF4=
  dependencies:
    mimic-fn "^2.1.0"

optionator@^0.8.1:
  version "0.8.3"
  resolved "https://registry.npm.alibaba-inc.com/optionator/download/optionator-0.8.3.tgz#84fa1d036fe9d3c7e21d99884b601167ec8fb495"
  integrity sha1-hPodA2/p08fiHZmIS2ARZ+yPtJU=
  dependencies:
    deep-is "~0.1.3"
    fast-levenshtein "~2.0.6"
    levn "~0.3.0"
    prelude-ls "~1.1.2"
    type-check "~0.3.2"
    word-wrap "~1.2.3"

ora@^5.4.1:
  version "5.4.1"
  resolved "https://registry.npm.alibaba-inc.com/ora/download/ora-5.4.1.tgz#1b2678426af4ac4a509008e5e4ac9e9959db9e18"
  integrity sha1-GyZ4Qmr0rEpQkAjl5KyemVnbnhg=
  dependencies:
    bl "^4.1.0"
    chalk "^4.1.0"
    cli-cursor "^3.1.0"
    cli-spinners "^2.5.0"
    is-interactive "^1.0.0"
    is-unicode-supported "^0.1.0"
    log-symbols "^4.1.0"
    strip-ansi "^6.0.0"
    wcwidth "^1.0.1"

os-tmpdir@~1.0.2:
  version "1.0.2"
  resolved "https://registry.npm.alibaba-inc.com/os-tmpdir/download/os-tmpdir-1.0.2.tgz#bbe67406c79aa85c5cfec766fe5734555dfa1274"
  integrity sha1-u+Z0BseaqFxc/sdm/lc0VV36EnQ=

param-case@2.1.x:
  version "2.1.1"
  resolved "https://registry.npm.alibaba-inc.com/param-case/download/param-case-2.1.1.tgz#df94fd8cf6531ecf75e6bef9a0858fbc72be2247"
  integrity sha1-35T9jPZTHs915r75oIWPvHK+Ikc=
  dependencies:
    no-case "^2.2.0"

prelude-ls@~1.1.2:
  version "1.1.2"
  resolved "https://registry.npm.alibaba-inc.com/prelude-ls/download/prelude-ls-1.1.2.tgz#21932a549f5e52ffd9a827f570e04be62a97da54"
  integrity sha1-IZMqVJ9eUv/ZqCf1cOBL5iqX2lQ=

prettier@^2.3.2:
  version "2.4.1"
  resolved "https://registry.npm.alibaba-inc.com/prettier/download/prettier-2.4.1.tgz#671e11c89c14a4cfc876ce564106c4a6726c9f5c"
  integrity sha1-Zx4RyJwUpM/Ids5WQQbEpnJsn1w=

readable-stream@^3.4.0:
  version "3.6.0"
  resolved "https://registry.npm.alibaba-inc.com/readable-stream/download/readable-stream-3.6.0.tgz#337bbda3adc0706bd3e024426a286d4b4b2c9198"
  integrity sha1-M3u9o63AcGvT4CRCaihtS0sskZg=
  dependencies:
    inherits "^2.0.3"
    string_decoder "^1.1.1"
    util-deprecate "^1.0.1"

relateurl@0.2.x:
  version "0.2.7"
  resolved "https://registry.npm.alibaba-inc.com/relateurl/download/relateurl-0.2.7.tgz#54dbf377e51440aca90a4cd274600d3ff2d888a9"
  integrity sha1-VNvzd+UUQKypCkzSdGANP/LYiKk=

restore-cursor@^3.1.0:
  version "3.1.0"
  resolved "https://registry.npm.alibaba-inc.com/restore-cursor/download/restore-cursor-3.1.0.tgz#39f67c54b3a7a58cea5236d95cf0034239631f7e"
  integrity sha1-OfZ8VLOnpYzqUjbZXPADQjljH34=
  dependencies:
    onetime "^5.1.0"
    signal-exit "^3.0.2"

run-async@^2.4.0:
  version "2.4.1"
  resolved "https://registry.npm.alibaba-inc.com/run-async/download/run-async-2.4.1.tgz#8440eccf99ea3e70bd409d49aab88e10c189a455"
  integrity sha1-hEDsz5nqPnC9QJ1JqriOEMGJpFU=

rxjs@^6.4.0:
  version "6.6.7"
  resolved "https://registry.npm.alibaba-inc.com/rxjs/download/rxjs-6.6.7.tgz#90ac018acabf491bf65044235d5863c4dab804c9"
  integrity sha1-kKwBisq/SRv2UEQjXVhjxNq4BMk=
  dependencies:
    tslib "^1.9.0"

rxjs@^7.2.0:
  version "7.3.0"
  resolved "https://registry.npm.alibaba-inc.com/rxjs/download/rxjs-7.3.0.tgz#39fe4f3461dc1e50be1475b2b85a0a88c1e938c6"
  integrity sha1-Of5PNGHcHlC+FHWyuFoKiMHpOMY=
  dependencies:
    tslib "~2.1.0"

safe-buffer@~5.2.0:
  version "5.2.1"
  resolved "https://registry.npm.alibaba-inc.com/safe-buffer/download/safe-buffer-5.2.1.tgz#1eaf9fa9bdb1fdd4ec75f58f9cdb4e6b7827eec6"
  integrity sha1-Hq+fqb2x/dTsdfWPnNtOa3gn7sY=

"safer-buffer@>= 2.1.2 < 3":
  version "2.1.2"
  resolved "https://registry.npm.alibaba-inc.com/safer-buffer/download/safer-buffer-2.1.2.tgz#44fa161b0187b9549dd84bb91802f9bd8385cd6a"
  integrity sha1-RPoWGwGHuVSd2Eu5GAL5vYOFzWo=

signal-exit@^3.0.2:
  version "3.0.4"
  resolved "https://registry.npm.alibaba-inc.com/signal-exit/download/signal-exit-3.0.4.tgz#366a4684d175b9cab2081e3681fda3747b6c51d7"
  integrity sha1-NmpGhNF1ucqyCB42gf2jdHtsUdc=

source-map@^0.5.6:
  version "0.5.7"
  resolved "https://registry.npm.alibaba-inc.com/source-map/download/source-map-0.5.7.tgz#8a039d2d1021d22d1ea14c80d8ea468ba2ef3fcc"
  integrity sha1-igOdLRAh0i0eoUyA2OpGi6LvP8w=

source-map@^0.6.1, source-map@~0.6.0, source-map@~0.6.1:
  version "0.6.1"
  resolved "https://registry.npm.alibaba-inc.com/source-map/download/source-map-0.6.1.tgz#74722af32e9614e9c287a8d0bbde48b5e2f1a263"
  integrity sha1-dHIq8y6WFOnCh6jQu95IteLxomM=

string-width@^4.1.0:
  version "4.2.3"
  resolved "https://registry.npm.alibaba-inc.com/string-width/download/string-width-4.2.3.tgz#269c7117d27b05ad2e536830a8ec895ef9c6d010"
  integrity sha1-JpxxF9J7Ba0uU2gwqOyJXvnG0BA=
  dependencies:
    emoji-regex "^8.0.0"
    is-fullwidth-code-point "^3.0.0"
    strip-ansi "^6.0.1"

string_decoder@^1.1.1:
  version "1.3.0"
  resolved "https://registry.npm.alibaba-inc.com/string_decoder/download/string_decoder-1.3.0.tgz#42f114594a46cf1a8e30b0a84f56c78c3edac21e"
  integrity sha1-QvEUWUpGzxqOMLCoT1bHjD7awh4=
  dependencies:
    safe-buffer "~5.2.0"

strip-ansi@^6.0.0, strip-ansi@^6.0.1:
  version "6.0.1"
  resolved "https://registry.npm.alibaba-inc.com/strip-ansi/download/strip-ansi-6.0.1.tgz#9e26c63d30f53443e9489495b2105d37b67a85d9"
  integrity sha1-nibGPTD1NEPpSJSVshBdN7Z6hdk=
  dependencies:
    ansi-regex "^5.0.1"

supports-color@^7.1.0:
  version "7.2.0"
  resolved "https://registry.npm.alibaba-inc.com/supports-color/download/supports-color-7.2.0.tgz#1b7dcdcb32b8138801b3e478ba6a51caa89648da"
  integrity sha1-G33NyzK4E4gBs+R4umpRyqiWSNo=
  dependencies:
    has-flag "^4.0.0"

through@^2.3.6:
  version "2.3.8"
  resolved "https://registry.npm.alibaba-inc.com/through/download/through-2.3.8.tgz#0dd4c9ffaabc357960b1b724115d7e0e86a2e1f5"
  integrity sha1-DdTJ/6q8NXlgsbckEV1+Doai4fU=

tmp@^0.0.33:
  version "0.0.33"
  resolved "https://registry.npm.alibaba-inc.com/tmp/download/tmp-0.0.33.tgz#6d34335889768d21b2bcda0aa277ced3b1bfadf9"
  integrity sha1-bTQzWIl2jSGyvNoKonfO07G/rfk=
  dependencies:
    os-tmpdir "~1.0.2"

tslib@^1.9.0:
  version "1.14.1"
  resolved "https://registry.npm.alibaba-inc.com/tslib/download/tslib-1.14.1.tgz#cf2d38bdc34a134bcaf1091c41f6619e2f672d00"
  integrity sha1-zy04vcNKE0vK8QkcQfZhni9nLQA=

tslib@~2.1.0:
  version "2.1.0"
  resolved "https://registry.npm.alibaba-inc.com/tslib/download/tslib-2.1.0.tgz#da60860f1c2ecaa5703ab7d39bc05b6bf988b97a"
  integrity sha1-2mCGDxwuyqVwOrfTm8Bba/mIuXo=

type-check@~0.3.2:
  version "0.3.2"
  resolved "https://registry.npm.alibaba-inc.com/type-check/download/type-check-0.3.2.tgz#5884cab512cf1d355e3fb784f30804b2b520db72"
  integrity sha1-WITKtRLPHTVeP7eE8wgEsrUg23I=
  dependencies:
    prelude-ls "~1.1.2"

type-fest@^0.21.3:
  version "0.21.3"
  resolved "https://registry.npm.alibaba-inc.com/type-fest/download/type-fest-0.21.3.tgz#d260a24b0198436e133fa26a524a6d65fa3b2e37"
  integrity sha1-0mCiSwGYQ24TP6JqUkptZfo7Ljc=

typescript@^4.4.2:
  version "4.4.3"
  resolved "https://registry.npm.alibaba-inc.com/typescript/download/typescript-4.4.3.tgz#bdc5407caa2b109efd4f82fe130656f977a29324"
  integrity sha1-vcVAfKorEJ79T4L+EwZW+XeikyQ=

uglify-js@3.4.x:
  version "3.4.10"
  resolved "https://registry.npm.alibaba-inc.com/uglify-js/download/uglify-js-3.4.10.tgz#9ad9563d8eb3acdfb8d38597d2af1d815f6a755f"
  integrity sha1-mtlWPY6zrN+404WX0q8dgV9qdV8=
  dependencies:
    commander "~2.19.0"
    source-map "~0.6.1"

universalify@^2.0.0:
  version "2.0.0"
  resolved "https://registry.npm.alibaba-inc.com/universalify/download/universalify-2.0.0.tgz#75a4984efedc4b08975c5aeb73f530d02df25717"
  integrity sha1-daSYTv7cSwiXXFrrc/Uw0C3yVxc=

upper-case@^1.1.1:
  version "1.1.3"
  resolved "https://registry.npm.alibaba-inc.com/upper-case/download/upper-case-1.1.3.tgz#f6b4501c2ec4cdd26ba78be7222961de77621598"
  integrity sha1-9rRQHC7EzdJrp4vnIilh3ndiFZg=

util-deprecate@^1.0.1:
  version "1.0.2"
  resolved "https://registry.npm.alibaba-inc.com/util-deprecate/download/util-deprecate-1.0.2.tgz#450d4dc9fa70de732762fbd2d4a28981419a0ccf"
  integrity sha1-RQ1Nyfpw3nMnYvvS1KKJgUGaDM8=

wcwidth@^1.0.1:
  version "1.0.1"
  resolved "https://registry.npm.alibaba-inc.com/wcwidth/download/wcwidth-1.0.1.tgz#f0b0dcf915bc5ff1528afadb2c0e17b532da2fe8"
  integrity sha1-8LDc+RW8X/FSivrbLA4XtTLaL+g=
  dependencies:
    defaults "^1.0.3"

word-wrap@~1.2.3:
  version "1.2.3"
  resolved "https://registry.npm.alibaba-inc.com/word-wrap/download/word-wrap-1.2.3.tgz#610636f6b1f703891bd34771ccb17fb93b47079c"
  integrity sha1-YQY29rH3A4kb00dxzLF/uTtHB5w=
